
Microsoft Visual Studio Solution File, Format Version 11.00
# Visual Studio 2010
Project("{FAE04EC0-301F-11D3-BF4B-00C04F79EFBC}") = "Assembly-CSharp", "Assembly-CSharp.csproj", "{92730624-64e5-2e31-cd90-34ba2f868055}"
EndProject
Project("{FAE04EC0-301F-11D3-BF4B-00C04F79EFBC}") = "Assembly-CSharp-Editor", "Assembly-CSharp-Editor.csproj", "{b67f0640-00df-e1ad-883e-0c4201230925}"
EndProject
Global
	GlobalSection(SolutionConfigurationPlatforms) = preSolution
		Debug|Any CPU = Debug|Any CPU
	EndGlobalSection
	GlobalSection(ProjectConfigurationPlatforms) = postSolution
		{92730624-64e5-2e31-cd90-34ba2f868055}.Debug|Any CPU.ActiveCfg = Debug|Any CPU
		{92730624-64e5-2e31-cd90-34ba2f868055}.Debug|Any CPU.Build.0 = Debug|Any CPU
		{b67f0640-00df-e1ad-883e-0c4201230925}.Debug|Any CPU.ActiveCfg = Debug|Any CPU
		{b67f0640-00df-e1ad-883e-0c4201230925}.Debug|Any CPU.Build.0 = Debug|Any CPU
	EndGlobalSection
	GlobalSection(SolutionProperties) = preSolution
		HideSolutionNode = FALSE
	EndGlobalSection
EndGlobal
